// !$*UTF8*$!
{
	archiveVersion = 1;
	classes = {
	};
	objectVersion = 55;
	objects = {

/* Begin PBXBuildFile section */
		DD26BD9927FAA21D00681485 /* EmailComposerViewTestsUITests.swift in Sources */ = {isa = PBXBuildFile; fileRef = DD26BD9827FAA21D00681485 /* EmailComposerViewTestsUITests.swift */; };
		DD929C9727F99A490043E360 /* EllumeCodingExerciseApp.swift in Sources */ = {isa = PBXBuildFile; fileRef = DD929C9627F99A490043E360 /* EllumeCodingExerciseApp.swift */; };
		DD929C9927F99A490043E360 /* ContentView.swift in Sources */ = {isa = PBXBuildFile; fileRef = DD929C9827F99A490043E360 /* ContentView.swift */; };
		DD929C9B27F99A4B0043E360 /* Assets.xcassets in Resources */ = {isa = PBXBuildFile; fileRef = DD929C9A27F99A4B0043E360 /* Assets.xcassets */; };
		DD929C9E27F99A4B0043E360 /* Preview Assets.xcassets in Resources */ = {isa = PBXBuildFile; fileRef = DD929C9D27F99A4B0043E360 /* Preview Assets.xcassets */; };
		DD929CB227F99A4B0043E360 /* EllumeCodingExerciseUITests.swift in Sources */ = {isa = PBXBuildFile; fileRef = DD929CB127F99A4B0043E360 /* EllumeCodingExerciseUITests.swift */; };
		DD929CB427F99A4B0043E360 /* EllumeCodingExerciseUITestsLaunchTests.swift in Sources */ = {isa = PBXBuildFile; fileRef = DD929CB327F99A4B0043E360 /* EllumeCodingExerciseUITestsLaunchTests.swift */; };
		DD929CC327F99CAD0043E360 /* README.md in Resources */ = {isa = PBXBuildFile; fileRef = DD929CC227F99CAD0043E360 /* README.md */; };
		DD929CCA27F9A1AA0043E360 /* CategoriesModel.swift in Sources */ = {isa = PBXBuildFile; fileRef = DD929CC927F9A1AA0043E360 /* CategoriesModel.swift */; };
		DD929CCB27F9A1AA0043E360 /* CategoriesModel.swift in Sources */ = {isa = PBXBuildFile; fileRef = DD929CC927F9A1AA0043E360 /* CategoriesModel.swift */; };
		DD929CCD27F9A1BF0043E360 /* CategoryDetailsModel.swift in Sources */ = {isa = PBXBuildFile; fileRef = DD929CCC27F9A1BF0043E360 /* CategoryDetailsModel.swift */; };
		DD929CCE27F9A1BF0043E360 /* CategoryDetailsModel.swift in Sources */ = {isa = PBXBuildFile; fileRef = DD929CCC27F9A1BF0043E360 /* CategoryDetailsModel.swift */; };
		DD929CD127F9A3C40043E360 /* Router.swift in Sources */ = {isa = PBXBuildFile; fileRef = DD929CD027F9A3C40043E360 /* Router.swift */; };
		DD929CD227F9A3C40043E360 /* Router.swift in Sources */ = {isa = PBXBuildFile; fileRef = DD929CD027F9A3C40043E360 /* Router.swift */; };
		DD929CD427F9A4430043E360 /* APIConstant.swift in Sources */ = {isa = PBXBuildFile; fileRef = DD929CD327F9A4430043E360 /* APIConstant.swift */; };
		DD929CD527F9A4430043E360 /* APIConstant.swift in Sources */ = {isa = PBXBuildFile; fileRef = DD929CD327F9A4430043E360 /* APIConstant.swift */; };
		DD929CD727F9A4660043E360 /* FetchCategoriesService.swift in Sources */ = {isa = PBXBuildFile; fileRef = DD929CD627F9A4660043E360 /* FetchCategoriesService.swift */; };
		DD929CD827F9A4660043E360 /* FetchCategoriesService.swift in Sources */ = {isa = PBXBuildFile; fileRef = DD929CD627F9A4660043E360 /* FetchCategoriesService.swift */; };
		DD929CDA27F9A4810043E360 /* FetchCategoryDetailsService.swift in Sources */ = {isa = PBXBuildFile; fileRef = DD929CD927F9A4810043E360 /* FetchCategoryDetailsService.swift */; };
		DD929CDB27F9A4810043E360 /* FetchCategoryDetailsService.swift in Sources */ = {isa = PBXBuildFile; fileRef = DD929CD927F9A4810043E360 /* FetchCategoryDetailsService.swift */; };
		DD929CDE27F9A5CF0043E360 /* RouterTests.swift in Sources */ = {isa = PBXBuildFile; fileRef = DD929CDD27F9A5CF0043E360 /* RouterTests.swift */; };
		DD929CE027F9AAB30043E360 /* CategoryListScreen.swift in Sources */ = {isa = PBXBuildFile; fileRef = DD929CDF27F9AAB30043E360 /* CategoryListScreen.swift */; };
		DD929CE127F9AAB30043E360 /* CategoryListScreen.swift in Sources */ = {isa = PBXBuildFile; fileRef = DD929CDF27F9AAB30043E360 /* CategoryListScreen.swift */; };
		DD929CE327F9AAC60043E360 /* CategoryDetailsScreen.swift in Sources */ = {isa = PBXBuildFile; fileRef = DD929CE227F9AAC60043E360 /* CategoryDetailsScreen.swift */; };
		DD929CE427F9AAC60043E360 /* CategoryDetailsScreen.swift in Sources */ = {isa = PBXBuildFile; fileRef = DD929CE227F9AAC60043E360 /* CategoryDetailsScreen.swift */; };
		DD929CE627F9AAD90043E360 /* CategoriesViewModel.swift in Sources */ = {isa = PBXBuildFile; fileRef = DD929CE527F9AAD90043E360 /* CategoriesViewModel.swift */; };
		DD929CE727F9AAD90043E360 /* CategoriesViewModel.swift in Sources */ = {isa = PBXBuildFile; fileRef = DD929CE527F9AAD90043E360 /* CategoriesViewModel.swift */; };
		DD929CE927F9AAE70043E360 /* CategoryDetailsViewModel.swift in Sources */ = {isa = PBXBuildFile; fileRef = DD929CE827F9AAE70043E360 /* CategoryDetailsViewModel.swift */; };
		DD929CEA27F9AAE70043E360 /* CategoryDetailsViewModel.swift in Sources */ = {isa = PBXBuildFile; fileRef = DD929CE827F9AAE70043E360 /* CategoryDetailsViewModel.swift */; };
		DD929CEC27F9ABE70043E360 /* CategoriesViewModelTests.swift in Sources */ = {isa = PBXBuildFile; fileRef = DD929CEB27F9ABE70043E360 /* CategoriesViewModelTests.swift */; };
		DD929CEE27F9AC370043E360 /* CategoriesDetailsViewModelTests.swift in Sources */ = {isa = PBXBuildFile; fileRef = DD929CED27F9AC370043E360 /* CategoriesDetailsViewModelTests.swift */; };
		DD929CF027F9B5540043E360 /* CategoryRow.swift in Sources */ = {isa = PBXBuildFile; fileRef = DD929CEF27F9B5540043E360 /* CategoryRow.swift */; };
		DD929CF127F9B5550043E360 /* CategoryRow.swift in Sources */ = {isa = PBXBuildFile; fileRef = DD929CEF27F9B5540043E360 /* CategoryRow.swift */; };
		DD929CF327F9B5B30043E360 /* ErrorView.swift in Sources */ = {isa = PBXBuildFile; fileRef = DD929CF227F9B5B30043E360 /* ErrorView.swift */; };
		DD929CF427F9B5B30043E360 /* ErrorView.swift in Sources */ = {isa = PBXBuildFile; fileRef = DD929CF227F9B5B30043E360 /* ErrorView.swift */; };
		DD929CF627F9B5EB0043E360 /* LoadingView.swift in Sources */ = {isa = PBXBuildFile; fileRef = DD929CF527F9B5EB0043E360 /* LoadingView.swift */; };
		DD929CF727F9B5EB0043E360 /* LoadingView.swift in Sources */ = {isa = PBXBuildFile; fileRef = DD929CF527F9B5EB0043E360 /* LoadingView.swift */; };
		DD929CF927F9B62A0043E360 /* EmptyDataView.swift in Sources */ = {isa = PBXBuildFile; fileRef = DD929CF827F9B62A0043E360 /* EmptyDataView.swift */; };
		DD929CFA27F9B62A0043E360 /* EmptyDataView.swift in Sources */ = {isa = PBXBuildFile; fileRef = DD929CF827F9B62A0043E360 /* EmptyDataView.swift */; };
		DD929CFC27F9B6500043E360 /* CategoryDetailsRow.swift in Sources */ = {isa = PBXBuildFile; fileRef = DD929CFB27F9B6500043E360 /* CategoryDetailsRow.swift */; };
		DD929CFD27F9B6500043E360 /* CategoryDetailsRow.swift in Sources */ = {isa = PBXBuildFile; fileRef = DD929CFB27F9B6500043E360 /* CategoryDetailsRow.swift */; };
		DD929CFF27F9B67A0043E360 /* GrowingButton.swift in Sources */ = {isa = PBXBuildFile; fileRef = DD929CFE27F9B67A0043E360 /* GrowingButton.swift */; };
		DD929D0027F9B67A0043E360 /* GrowingButton.swift in Sources */ = {isa = PBXBuildFile; fileRef = DD929CFE27F9B67A0043E360 /* GrowingButton.swift */; };
		DD929D0227F9B6B10043E360 /* Utils.swift in Sources */ = {isa = PBXBuildFile; fileRef = DD929D0127F9B6B10043E360 /* Utils.swift */; };
		DD929D0327F9B6B10043E360 /* Utils.swift in Sources */ = {isa = PBXBuildFile; fileRef = DD929D0127F9B6B10043E360 /* Utils.swift */; };
		DD929D0527F9BE340043E360 /* Localizable.strings in Resources */ = {isa = PBXBuildFile; fileRef = DD929D0427F9BE330043E360 /* Localizable.strings */; };
		DD929D0627F9BE340043E360 /* Localizable.strings in Resources */ = {isa = PBXBuildFile; fileRef = DD929D0427F9BE330043E360 /* Localizable.strings */; };
		DD929D0827F9BE570043E360 /* EmailComposerView.swift in Sources */ = {isa = PBXBuildFile; fileRef = DD929D0727F9BE570043E360 /* EmailComposerView.swift */; };
		DD929D0927F9BE570043E360 /* EmailComposerView.swift in Sources */ = {isa = PBXBuildFile; fileRef = DD929D0727F9BE570043E360 /* EmailComposerView.swift */; };
		DD929D0B27F9BEA70043E360 /* DeviceCannotSendEmailsView.swift in Sources */ = {isa = PBXBuildFile; fileRef = DD929D0A27F9BEA70043E360 /* DeviceCannotSendEmailsView.swift */; };
		DD929D0C27F9BEA70043E360 /* DeviceCannotSendEmailsView.swift in Sources */ = {isa = PBXBuildFile; fileRef = DD929D0A27F9BEA70043E360 /* DeviceCannotSendEmailsView.swift */; };
		DD929D0E27F9BEEE0043E360 /* EmailComposerResult.swift in Sources */ = {isa = PBXBuildFile; fileRef = DD929D0D27F9BEEE0043E360 /* EmailComposerResult.swift */; };
		DD929D0F27F9BEEE0043E360 /* EmailComposerResult.swift in Sources */ = {isa = PBXBuildFile; fileRef = DD929D0D27F9BEEE0043E360 /* EmailComposerResult.swift */; };
		DD929D1127F9BF1F0043E360 /* ComposeMailDataModel.swift in Sources */ = {isa = PBXBuildFile; fileRef = DD929D1027F9BF1F0043E360 /* ComposeMailDataModel.swift */; };
		DD929D1227F9BF1F0043E360 /* ComposeMailDataModel.swift in Sources */ = {isa = PBXBuildFile; fileRef = DD929D1027F9BF1F0043E360 /* ComposeMailDataModel.swift */; };
/* End PBXBuildFile section */

/* Begin PBXContainerItemProxy section */
		DD929CA427F99A4B0043E360 /* PBXContainerItemProxy */ = {
			isa = PBXContainerItemProxy;
			containerPortal = DD929C8B27F99A490043E360 /* Project object */;
			proxyType = 1;
			remoteGlobalIDString = DD929C9227F99A490043E360;
			remoteInfo = EllumeCodingExercise;
		};
		DD929CAE27F99A4B0043E360 /* PBXContainerItemProxy */ = {
			isa = PBXContainerItemProxy;
			containerPortal = DD929C8B27F99A490043E360 /* Project object */;
			proxyType = 1;
			remoteGlobalIDString = DD929C9227F99A490043E360;
			remoteInfo = EllumeCodingExercise;
		};
/* End PBXContainerItemProxy section */

/* Begin PBXFileReference section */
		DD26BD9827FAA21D00681485 /* EmailComposerViewTestsUITests.swift */ = {isa = PBXFileReference; lastKnownFileType = sourcecode.swift; path = EmailComposerViewTestsUITests.swift; sourceTree = "<group>"; };
		DD929C9327F99A490043E360 /* EllumeCodingExercise.app */ = {isa = PBXFileReference; explicitFileType = wrapper.application; includeInIndex = 0; path = EllumeCodingExercise.app; sourceTree = BUILT_PRODUCTS_DIR; };
		DD929C9627F99A490043E360 /* EllumeCodingExerciseApp.swift */ = {isa = PBXFileReference; lastKnownFileType = sourcecode.swift; path = EllumeCodingExerciseApp.swift; sourceTree = "<group>"; };
		DD929C9827F99A490043E360 /* ContentView.swift */ = {isa = PBXFileReference; lastKnownFileType = sourcecode.swift; path = ContentView.swift; sourceTree = "<group>"; };
		DD929C9A27F99A4B0043E360 /* Assets.xcassets */ = {isa = PBXFileReference; lastKnownFileType = folder.assetcatalog; path = Assets.xcassets; sourceTree = "<group>"; };
		DD929C9D27F99A4B0043E360 /* Preview Assets.xcassets */ = {isa = PBXFileReference; lastKnownFileType = folder.assetcatalog; path = "Preview Assets.xcassets"; sourceTree = "<group>"; };
		DD929CA327F99A4B0043E360 /* EllumeCodingExerciseTests.xctest */ = {isa = PBXFileReference; explicitFileType = wrapper.cfbundle; includeInIndex = 0; path = EllumeCodingExerciseTests.xctest; sourceTree = BUILT_PRODUCTS_DIR; };
		DD929CAD27F99A4B0043E360 /* EllumeCodingExerciseUITests.xctest */ = {isa = PBXFileReference; explicitFileType = wrapper.cfbundle; includeInIndex = 0; path = EllumeCodingExerciseUITests.xctest; sourceTree = BUILT_PRODUCTS_DIR; };
		DD929CB127F99A4B0043E360 /* EllumeCodingExerciseUITests.swift */ = {isa = PBXFileReference; lastKnownFileType = sourcecode.swift; path = EllumeCodingExerciseUITests.swift; sourceTree = "<group>"; };
		DD929CB327F99A4B0043E360 /* EllumeCodingExerciseUITestsLaunchTests.swift */ = {isa = PBXFileReference; lastKnownFileType = sourcecode.swift; path = EllumeCodingExerciseUITestsLaunchTests.swift; sourceTree = "<group>"; };
		DD929CC227F99CAD0043E360 /* README.md */ = {isa = PBXFileReference; fileEncoding = 4; lastKnownFileType = net.daringfireball.markdown; path = README.md; sourceTree = "<group>"; };
		DD929CC927F9A1AA0043E360 /* CategoriesModel.swift */ = {isa = PBXFileReference; lastKnownFileType = sourcecode.swift; path = CategoriesModel.swift; sourceTree = "<group>"; };
		DD929CCC27F9A1BF0043E360 /* CategoryDetailsModel.swift */ = {isa = PBXFileReference; lastKnownFileType = sourcecode.swift; path = CategoryDetailsModel.swift; sourceTree = "<group>"; };
		DD929CD027F9A3C40043E360 /* Router.swift */ = {isa = PBXFileReference; lastKnownFileType = sourcecode.swift; path = Router.swift; sourceTree = "<group>"; };
		DD929CD327F9A4430043E360 /* APIConstant.swift */ = {isa = PBXFileReference; lastKnownFileType = sourcecode.swift; path = APIConstant.swift; sourceTree = "<group>"; };
		DD929CD627F9A4660043E360 /* FetchCategoriesService.swift */ = {isa = PBXFileReference; lastKnownFileType = sourcecode.swift; path = FetchCategoriesService.swift; sourceTree = "<group>"; };
		DD929CD927F9A4810043E360 /* FetchCategoryDetailsService.swift */ = {isa = PBXFileReference; lastKnownFileType = sourcecode.swift; path = FetchCategoryDetailsService.swift; sourceTree = "<group>"; };
		DD929CDC27F9A52B0043E360 /* Info.plist */ = {isa = PBXFileReference; lastKnownFileType = text.plist; path = Info.plist; sourceTree = "<group>"; };
		DD929CDD27F9A5CF0043E360 /* RouterTests.swift */ = {isa = PBXFileReference; lastKnownFileType = sourcecode.swift; path = RouterTests.swift; sourceTree = "<group>"; };
		DD929CDF27F9AAB30043E360 /* CategoryListScreen.swift */ = {isa = PBXFileReference; lastKnownFileType = sourcecode.swift; path = CategoryListScreen.swift; sourceTree = "<group>"; };
		DD929CE227F9AAC60043E360 /* CategoryDetailsScreen.swift */ = {isa = PBXFileReference; lastKnownFileType = sourcecode.swift; path = CategoryDetailsScreen.swift; sourceTree = "<group>"; };
		DD929CE527F9AAD90043E360 /* CategoriesViewModel.swift */ = {isa = PBXFileReference; lastKnownFileType = sourcecode.swift; path = CategoriesViewModel.swift; sourceTree = "<group>"; };
		DD929CE827F9AAE70043E360 /* CategoryDetailsViewModel.swift */ = {isa = PBXFileReference; lastKnownFileType = sourcecode.swift; path = CategoryDetailsViewModel.swift; sourceTree = "<group>"; };
		DD929CEB27F9ABE70043E360 /* CategoriesViewModelTests.swift */ = {isa = PBXFileReference; lastKnownFileType = sourcecode.swift; path = CategoriesViewModelTests.swift; sourceTree = "<group>"; };
		DD929CED27F9AC370043E360 /* CategoriesDetailsViewModelTests.swift */ = {isa = PBXFileReference; lastKnownFileType = sourcecode.swift; path = CategoriesDetailsViewModelTests.swift; sourceTree = "<group>"; };
		DD929CEF27F9B5540043E360 /* CategoryRow.swift */ = {isa = PBXFileReference; lastKnownFileType = sourcecode.swift; path = CategoryRow.swift; sourceTree = "<group>"; };
		DD929CF227F9B5B30043E360 /* ErrorView.swift */ = {isa = PBXFileReference; lastKnownFileType = sourcecode.swift; path = ErrorView.swift; sourceTree = "<group>"; };
		DD929CF527F9B5EB0043E360 /* LoadingView.swift */ = {isa = PBXFileReference; lastKnownFileType = sourcecode.swift; path = LoadingView.swift; sourceTree = "<group>"; };
		DD929CF827F9B62A0043E360 /* EmptyDataView.swift */ = {isa = PBXFileReference; lastKnownFileType = sourcecode.swift; path = EmptyDataView.swift; sourceTree = "<group>"; };
		DD929CFB27F9B6500043E360 /* CategoryDetailsRow.swift */ = {isa = PBXFileReference; lastKnownFileType = sourcecode.swift; path = CategoryDetailsRow.swift; sourceTree = "<group>"; };
		DD929CFE27F9B67A0043E360 /* GrowingButton.swift */ = {isa = PBXFileReference; lastKnownFileType = sourcecode.swift; path = GrowingButton.swift; sourceTree = "<group>"; };
		DD929D0127F9B6B10043E360 /* Utils.swift */ = {isa = PBXFileReference; lastKnownFileType = sourcecode.swift; path = Utils.swift; sourceTree = "<group>"; };
		DD929D0427F9BE330043E360 /* Localizable.strings */ = {isa = PBXFileReference; lastKnownFileType = text.plist.strings; path = Localizable.strings; sourceTree = "<group>"; };
		DD929D0727F9BE570043E360 /* EmailComposerView.swift */ = {isa = PBXFileReference; lastKnownFileType = sourcecode.swift; path = EmailComposerView.swift; sourceTree = "<group>"; };
		DD929D0A27F9BEA70043E360 /* DeviceCannotSendEmailsView.swift */ = {isa = PBXFileReference; lastKnownFileType = sourcecode.swift; path = DeviceCannotSendEmailsView.swift; sourceTree = "<group>"; };
		DD929D0D27F9BEEE0043E360 /* EmailComposerResult.swift */ = {isa = PBXFileReference; lastKnownFileType = sourcecode.swift; path = EmailComposerResult.swift; sourceTree = "<group>"; };
		DD929D1027F9BF1F0043E360 /* ComposeMailDataModel.swift */ = {isa = PBXFileReference; lastKnownFileType = sourcecode.swift; path = ComposeMailDataModel.swift; sourceTree = "<group>"; };
/* End PBXFileReference section */

/* Begin PBXFrameworksBuildPhase section */
		DD929C9027F99A490043E360 /* Frameworks */ = {
			isa = PBXFrameworksBuildPhase;
			buildActionMask = 2147483647;
			files = (
			);
			runOnlyForDeploymentPostprocessing = 0;
		};
		DD929CA027F99A4B0043E360 /* Frameworks */ = {
			isa = PBXFrameworksBuildPhase;
			buildActionMask = 2147483647;
			files = (
			);
			runOnlyForDeploymentPostprocessing = 0;
		};
		DD929CAA27F99A4B0043E360 /* Frameworks */ = {
			isa = PBXFrameworksBuildPhase;
			buildActionMask = 2147483647;
			files = (
			);
			runOnlyForDeploymentPostprocessing = 0;
		};
/* End PBXFrameworksBuildPhase section */

/* Begin PBXGroup section */
		DD929C8A27F99A490043E360 = {
			isa = PBXGroup;
			children = (
				DD929D0427F9BE330043E360 /* Localizable.strings */,
				DD929CC227F99CAD0043E360 /* README.md */,
				DD929C9527F99A490043E360 /* EllumeCodingExercise */,
				DD929CA627F99A4B0043E360 /* EllumeCodingExerciseTests */,
				DD929CB027F99A4B0043E360 /* EllumeCodingExerciseUITests */,
				DD929C9427F99A490043E360 /* Products */,
			);
			sourceTree = "<group>";
		};
		DD929C9427F99A490043E360 /* Products */ = {
			isa = PBXGroup;
			children = (
				DD929C9327F99A490043E360 /* EllumeCodingExercise.app */,
				DD929CA327F99A4B0043E360 /* EllumeCodingExerciseTests.xctest */,
				DD929CAD27F99A4B0043E360 /* EllumeCodingExerciseUITests.xctest */,
			);
			name = Products;
			sourceTree = "<group>";
		};
		DD929C9527F99A490043E360 /* EllumeCodingExercise */ = {
			isa = PBXGroup;
			children = (
				DD929CDC27F9A52B0043E360 /* Info.plist */,
				DD929CC127F99A7E0043E360 /* screens */,
				DD929CC027F99A6F0043E360 /* viewModel */,
				DD929CC527F99D0B0043E360 /* service */,
				DD929CC427F99CBD0043E360 /* model */,
				DD929CC627F99D250043E360 /* utils */,
				DD929CC727F99D340043E360 /* constants */,
				DD929CC827F99D430043E360 /* components */,
				DD929C9627F99A490043E360 /* EllumeCodingExerciseApp.swift */,
				DD929C9827F99A490043E360 /* ContentView.swift */,
				DD929C9A27F99A4B0043E360 /* Assets.xcassets */,
				DD929C9C27F99A4B0043E360 /* Preview Content */,
			);
			path = EllumeCodingExercise;
			sourceTree = "<group>";
		};
		DD929C9C27F99A4B0043E360 /* Preview Content */ = {
			isa = PBXGroup;
			children = (
				DD929C9D27F99A4B0043E360 /* Preview Assets.xcassets */,
			);
			path = "Preview Content";
			sourceTree = "<group>";
		};
		DD929CA627F99A4B0043E360 /* EllumeCodingExerciseTests */ = {
			isa = PBXGroup;
			children = (
				DD929CDD27F9A5CF0043E360 /* RouterTests.swift */,
				DD929CEB27F9ABE70043E360 /* CategoriesViewModelTests.swift */,
				DD929CED27F9AC370043E360 /* CategoriesDetailsViewModelTests.swift */,
			);
			path = EllumeCodingExerciseTests;
			sourceTree = "<group>";
		};
		DD929CB027F99A4B0043E360 /* EllumeCodingExerciseUITests */ = {
			isa = PBXGroup;
			children = (
				DD929CB127F99A4B0043E360 /* EllumeCodingExerciseUITests.swift */,
				DD26BD9827FAA21D00681485 /* EmailComposerViewTestsUITests.swift */,
				DD929CB327F99A4B0043E360 /* EllumeCodingExerciseUITestsLaunchTests.swift */,
			);
			path = EllumeCodingExerciseUITests;
			sourceTree = "<group>";
		};
		DD929CC027F99A6F0043E360 /* viewModel */ = {
			isa = PBXGroup;
			children = (
				DD929CE527F9AAD90043E360 /* CategoriesViewModel.swift */,
				DD929CE827F9AAE70043E360 /* CategoryDetailsViewModel.swift */,
			);
			path = viewModel;
			sourceTree = "<group>";
		};
		DD929CC127F99A7E0043E360 /* screens */ = {
			isa = PBXGroup;
			children = (
				DD929CDF27F9AAB30043E360 /* CategoryListScreen.swift */,
				DD929CE227F9AAC60043E360 /* CategoryDetailsScreen.swift */,
			);
			path = screens;
			sourceTree = "<group>";
		};
		DD929CC427F99CBD0043E360 /* model */ = {
			isa = PBXGroup;
			children = (
				DD929CC927F9A1AA0043E360 /* CategoriesModel.swift */,
				DD929CCC27F9A1BF0043E360 /* CategoryDetailsModel.swift */,
				DD929D1027F9BF1F0043E360 /* ComposeMailDataModel.swift */,
			);
			path = model;
			sourceTree = "<group>";
		};
		DD929CC527F99D0B0043E360 /* service */ = {
			isa = PBXGroup;
			children = (
				DD929CCF27F9A3800043E360 /* restClient */,
				DD929CD627F9A4660043E360 /* FetchCategoriesService.swift */,
				DD929CD927F9A4810043E360 /* FetchCategoryDetailsService.swift */,
			);
			path = service;
			sourceTree = "<group>";
		};
		DD929CC627F99D250043E360 /* utils */ = {
			isa = PBXGroup;
			children = (
				DD929D0127F9B6B10043E360 /* Utils.swift */,
			);
			path = utils;
			sourceTree = "<group>";
		};
		DD929CC727F99D340043E360 /* constants */ = {
			isa = PBXGroup;
			children = (
				DD929CD327F9A4430043E360 /* APIConstant.swift */,
				DD929D0D27F9BEEE0043E360 /* EmailComposerResult.swift */,
			);
			path = constants;
			sourceTree = "<group>";
		};
		DD929CC827F99D430043E360 /* components */ = {
			isa = PBXGroup;
			children = (
				DD929CEF27F9B5540043E360 /* CategoryRow.swift */,
				DD929CF227F9B5B30043E360 /* ErrorView.swift */,
				DD929CF527F9B5EB0043E360 /* LoadingView.swift */,
				DD929CF827F9B62A0043E360 /* EmptyDataView.swift */,
				DD929CFB27F9B6500043E360 /* CategoryDetailsRow.swift */,
				DD929CFE27F9B67A0043E360 /* GrowingButton.swift */,
				DD929D0727F9BE570043E360 /* EmailComposerView.swift */,
				DD929D0A27F9BEA70043E360 /* DeviceCannotSendEmailsView.swift */,
			);
			path = components;
			sourceTree = "<group>";
		};
		DD929CCF27F9A3800043E360 /* restClient */ = {
			isa = PBXGroup;
			children = (
				DD929CD027F9A3C40043E360 /* Router.swift */,
			);
			path = restClient;
			sourceTree = "<group>";
		};
/* End PBXGroup section */

/* Begin PBXNativeTarget section */
		DD929C9227F99A490043E360 /* EllumeCodingExercise */ = {
			isa = PBXNativeTarget;
			buildConfigurationList = DD929CB727F99A4B0043E360 /* Build configuration list for PBXNativeTarget "EllumeCodingExercise" */;
			buildPhases = (
				DD929C8F27F99A490043E360 /* Sources */,
				DD929C9027F99A490043E360 /* Frameworks */,
				DD929C9127F99A490043E360 /* Resources */,
			);
			buildRules = (
			);
			dependencies = (
			);
			name = EllumeCodingExercise;
			productName = EllumeCodingExercise;
			productReference = DD929C9327F99A490043E360 /* EllumeCodingExercise.app */;
			productType = "com.apple.product-type.application";
		};
		DD929CA227F99A4B0043E360 /* EllumeCodingExerciseTests */ = {
			isa = PBXNativeTarget;
			buildConfigurationList = DD929CBA27F99A4B0043E360 /* Build configuration list for PBXNativeTarget "EllumeCodingExerciseTests" */;
			buildPhases = (
				DD929C9F27F99A4B0043E360 /* Sources */,
				DD929CA027F99A4B0043E360 /* Frameworks */,
				DD929CA127F99A4B0043E360 /* Resources */,
			);
			buildRules = (
			);
			dependencies = (
				DD929CA527F99A4B0043E360 /* PBXTargetDependency */,
			);
			name = EllumeCodingExerciseTests;
			productName = EllumeCodingExerciseTests;
			productReference = DD929CA327F99A4B0043E360 /* EllumeCodingExerciseTests.xctest */;
			productType = "com.apple.product-type.bundle.unit-test";
		};
		DD929CAC27F99A4B0043E360 /* EllumeCodingExerciseUITests */ = {
			isa = PBXNativeTarget;
			buildConfigurationList = DD929CBD27F99A4B0043E360 /* Build configuration list for PBXNativeTarget "EllumeCodingExerciseUITests" */;
			buildPhases = (
				DD929CA927F99A4B0043E360 /* Sources */,
				DD929CAA27F99A4B0043E360 /* Frameworks */,
				DD929CAB27F99A4B0043E360 /* Resources */,
			);
			buildRules = (
			);
			dependencies = (
				DD929CAF27F99A4B0043E360 /* PBXTargetDependency */,
			);
			name = EllumeCodingExerciseUITests;
			productName = EllumeCodingExerciseUITests;
			productReference = DD929CAD27F99A4B0043E360 /* EllumeCodingExerciseUITests.xctest */;
			productType = "com.apple.product-type.bundle.ui-testing";
		};
/* End PBXNativeTarget section */

/* Begin PBXProject section */
		DD929C8B27F99A490043E360 /* Project object */ = {
			isa = PBXProject;
			attributes = {
				BuildIndependentTargetsInParallel = 1;
				LastSwiftUpdateCheck = 1320;
				LastUpgradeCheck = 1320;
				TargetAttributes = {
					DD929C9227F99A490043E360 = {
						CreatedOnToolsVersion = 13.2.1;
					};
					DD929CA227F99A4B0043E360 = {
						CreatedOnToolsVersion = 13.2.1;
						TestTargetID = DD929C9227F99A490043E360;
					};
					DD929CAC27F99A4B0043E360 = {
						CreatedOnToolsVersion = 13.2.1;
						TestTargetID = DD929C9227F99A490043E360;
					};
				};
			};
			buildConfigurationList = DD929C8E27F99A490043E360 /* Build configuration list for PBXProject "EllumeCodingExercise" */;
			compatibilityVersion = "Xcode 13.0";
			developmentRegion = en;
			hasScannedForEncodings = 0;
			knownRegions = (
				en,
				Base,
			);
			mainGroup = DD929C8A27F99A490043E360;
			productRefGroup = DD929C9427F99A490043E360 /* Products */;
			projectDirPath = "";
			projectRoot = "";
			targets = (
				DD929C9227F99A490043E360 /* EllumeCodingExercise */,
				DD929CA227F99A4B0043E360 /* EllumeCodingExerciseTests */,
				DD929CAC27F99A4B0043E360 /* EllumeCodingExerciseUITests */,
			);
		};
/* End PBXProject section */

/* Begin PBXResourcesBuildPhase section */
		DD929C9127F99A490043E360 /* Resources */ = {
			isa = PBXResourcesBuildPhase;
			buildActionMask = 2147483647;
			files = (
				DD929CC327F99CAD0043E360 /* README.md in Resources */,
				DD929D0527F9BE340043E360 /* Localizable.strings in Resources */,
				DD929C9E27F99A4B0043E360 /* Preview Assets.xcassets in Resources */,
				DD929C9B27F99A4B0043E360 /* Assets.xcassets in Resources */,
			);
			runOnlyForDeploymentPostprocessing = 0;
		};
		DD929CA127F99A4B0043E360 /* Resources */ = {
			isa = PBXResourcesBuildPhase;
			buildActionMask = 2147483647;
			files = (
				DD929D0627F9BE340043E360 /* Localizable.strings in Resources */,
			);
			runOnlyForDeploymentPostprocessing = 0;
		};
		DD929CAB27F99A4B0043E360 /* Resources */ = {
			isa = PBXResourcesBuildPhase;
			buildActionMask = 2147483647;
			files = (
			);
			runOnlyForDeploymentPostprocessing = 0;
		};
/* End PBXResourcesBuildPhase section */

/* Begin PBXSourcesBuildPhase section */
		DD929C8F27F99A490043E360 /* Sources */ = {
			isa = PBXSourcesBuildPhase;
			buildActionMask = 2147483647;
			files = (
				DD929CCA27F9A1AA0043E360 /* CategoriesModel.swift in Sources */,
				DD929CDA27F9A4810043E360 /* FetchCategoryDetailsService.swift in Sources */,
				DD929D0B27F9BEA70043E360 /* DeviceCannotSendEmailsView.swift in Sources */,
				DD929CF927F9B62A0043E360 /* EmptyDataView.swift in Sources */,
				DD929C9927F99A490043E360 /* ContentView.swift in Sources */,
				DD929CE027F9AAB30043E360 /* CategoryListScreen.swift in Sources */,
				DD929CD727F9A4660043E360 /* FetchCategoriesService.swift in Sources */,
				DD929CE927F9AAE70043E360 /* CategoryDetailsViewModel.swift in Sources */,
				DD929CF027F9B5540043E360 /* CategoryRow.swift in Sources */,
				DD929CD427F9A4430043E360 /* APIConstant.swift in Sources */,
				DD929CF627F9B5EB0043E360 /* LoadingView.swift in Sources */,
				DD929CFC27F9B6500043E360 /* CategoryDetailsRow.swift in Sources */,
				DD929CFF27F9B67A0043E360 /* GrowingButton.swift in Sources */,
				DD929CD127F9A3C40043E360 /* Router.swift in Sources */,
				DD929CCD27F9A1BF0043E360 /* CategoryDetailsModel.swift in Sources */,
				DD929CE327F9AAC60043E360 /* CategoryDetailsScreen.swift in Sources */,
				DD929CF327F9B5B30043E360 /* ErrorView.swift in Sources */,
				DD929D1127F9BF1F0043E360 /* ComposeMailDataModel.swift in Sources */,
				DD929C9727F99A490043E360 /* EllumeCodingExerciseApp.swift in Sources */,
				DD929D0827F9BE570043E360 /* EmailComposerView.swift in Sources */,
				DD929D0227F9B6B10043E360 /* Utils.swift in Sources */,
				DD929CE627F9AAD90043E360 /* CategoriesViewModel.swift in Sources */,
				DD929D0E27F9BEEE0043E360 /* EmailComposerResult.swift in Sources */,
			);
			runOnlyForDeploymentPostprocessing = 0;
		};
		DD929C9F27F99A4B0043E360 /* Sources */ = {
			isa = PBXSourcesBuildPhase;
			buildActionMask = 2147483647;
			files = (
				DD929CD827F9A4660043E360 /* FetchCategoriesService.swift in Sources */,
				DD929CD227F9A3C40043E360 /* Router.swift in Sources */,
				DD929CE727F9AAD90043E360 /* CategoriesViewModel.swift in Sources */,
				DD929CEE27F9AC370043E360 /* CategoriesDetailsViewModelTests.swift in Sources */,
				DD929CF127F9B5550043E360 /* CategoryRow.swift in Sources */,
				DD929D0027F9B67A0043E360 /* GrowingButton.swift in Sources */,
				DD929CF727F9B5EB0043E360 /* LoadingView.swift in Sources */,
				DD929D0927F9BE570043E360 /* EmailComposerView.swift in Sources */,
				DD929CCB27F9A1AA0043E360 /* CategoriesModel.swift in Sources */,
				DD929D1227F9BF1F0043E360 /* ComposeMailDataModel.swift in Sources */,
				DD929CFA27F9B62A0043E360 /* EmptyDataView.swift in Sources */,
				DD929CD527F9A4430043E360 /* APIConstant.swift in Sources */,
				DD929CCE27F9A1BF0043E360 /* CategoryDetailsModel.swift in Sources */,
				DD929D0C27F9BEA70043E360 /* DeviceCannotSendEmailsView.swift in Sources */,
				DD929CEC27F9ABE70043E360 /* CategoriesViewModelTests.swift in Sources */,
				DD929CFD27F9B6500043E360 /* CategoryDetailsRow.swift in Sources */,
				DD929CE127F9AAB30043E360 /* CategoryListScreen.swift in Sources */,
				DD929CF427F9B5B30043E360 /* ErrorView.swift in Sources */,
				DD929D0327F9B6B10043E360 /* Utils.swift in Sources */,
				DD929D0F27F9BEEE0043E360 /* EmailComposerResult.swift in Sources */,
				DD929CDE27F9A5CF0043E360 /* RouterTests.swift in Sources */,
				DD929CE427F9AAC60043E360 /* CategoryDetailsScreen.swift in Sources */,
				DD929CEA27F9AAE70043E360 /* CategoryDetailsViewModel.swift in Sources */,
				DD929CDB27F9A4810043E360 /* FetchCategoryDetailsService.swift in Sources */,
			);
			runOnlyForDeploymentPostprocessing = 0;
		};
		DD929CA927F99A4B0043E360 /* Sources */ = {
			isa = PBXSourcesBuildPhase;
			buildActionMask = 2147483647;
			files = (
				DD26BD9927FAA21D00681485 /* EmailComposerViewTestsUITests.swift in Sources */,
				DD929CB427F99A4B0043E360 /* EllumeCodingExerciseUITestsLaunchTests.swift in Sources */,
				DD929CB227F99A4B0043E360 /* EllumeCodingExerciseUITests.swift in Sources */,
			);
			runOnlyForDeploymentPostprocessing = 0;
		};
/* End PBXSourcesBuildPhase section */

/* Begin PBXTargetDependency section */
		DD929CA527F99A4B0043E360 /* PBXTargetDependency */ = {
			isa = PBXTargetDependency;
			target = DD929C9227F99A490043E360 /* EllumeCodingExercise */;
			targetProxy = DD929CA427F99A4B0043E360 /* PBXContainerItemProxy */;
		};
		DD929CAF27F99A4B0043E360 /* PBXTargetDependency */ = {
			isa = PBXTargetDependency;
			target = DD929C9227F99A490043E360 /* EllumeCodingExercise */;
			targetProxy = DD929CAE27F99A4B0043E360 /* PBXContainerItemProxy */;
		};
/* End PBXTargetDependency section */

/* Begin XCBuildConfiguration section */
		DD929CB527F99A4B0043E360 /* Debug */ = {
			isa = XCBuildConfiguration;
			buildSettings = {
				ALWAYS_SEARCH_USER_PATHS = NO;
				CLANG_ANALYZER_NONNULL = YES;
				CLANG_ANALYZER_NUMBER_OBJECT_CONVERSION = YES_AGGRESSIVE;
				CLANG_CXX_LANGUAGE_STANDARD = "gnu++17";
				CLANG_CXX_LIBRARY = "libc++";
				CLANG_ENABLE_MODULES = YES;
				CLANG_ENABLE_OBJC_ARC = YES;
				CLANG_ENABLE_OBJC_WEAK = YES;
				CLANG_WARN_BLOCK_CAPTURE_AUTORELEASING = YES;
				CLANG_WARN_BOOL_CONVERSION = YES;
				CLANG_WARN_COMMA = YES;
				CLANG_WARN_CONSTANT_CONVERSION = YES;
				CLANG_WARN_DEPRECATED_OBJC_IMPLEMENTATIONS = YES;
				CLANG_WARN_DIRECT_OBJC_ISA_USAGE = YES_ERROR;
				CLANG_WARN_DOCUMENTATION_COMMENTS = YES;
				CLANG_WARN_EMPTY_BODY = YES;
				CLANG_WARN_ENUM_CONVERSION = YES;
				CLANG_WARN_INFINITE_RECURSION = YES;
				CLANG_WARN_INT_CONVERSION = YES;
				CLANG_WARN_NON_LITERAL_NULL_CONVERSION = YES;
				CLANG_WARN_OBJC_IMPLICIT_RETAIN_SELF = YES;
				CLANG_WARN_OBJC_LITERAL_CONVERSION = YES;
				CLANG_WARN_OBJC_ROOT_CLASS = YES_ERROR;
				CLANG_WARN_QUOTED_INCLUDE_IN_FRAMEWORK_HEADER = YES;
				CLANG_WARN_RANGE_LOOP_ANALYSIS = YES;
				CLANG_WARN_STRICT_PROTOTYPES = YES;
				CLANG_WARN_SUSPICIOUS_MOVE = YES;
				CLANG_WARN_UNGUARDED_AVAILABILITY = YES_AGGRESSIVE;
				CLANG_WARN_UNREACHABLE_CODE = YES;
				CLANG_WARN__DUPLICATE_METHOD_MATCH = YES;
				COPY_PHASE_STRIP = NO;
				DEBUG_INFORMATION_FORMAT = dwarf;
				ENABLE_STRICT_OBJC_MSGSEND = YES;
				ENABLE_TESTABILITY = YES;
				GCC_C_LANGUAGE_STANDARD = gnu11;
				GCC_DYNAMIC_NO_PIC = NO;
				GCC_NO_COMMON_BLOCKS = YES;
				GCC_OPTIMIZATION_LEVEL = 0;
				GCC_PREPROCESSOR_DEFINITIONS = (
					"DEBUG=1",
					"$(inherited)",
				);
				GCC_WARN_64_TO_32_BIT_CONVERSION = YES;
				GCC_WARN_ABOUT_RETURN_TYPE = YES_ERROR;
				GCC_WARN_UNDECLARED_SELECTOR = YES;
				GCC_WARN_UNINITIALIZED_AUTOS = YES_AGGRESSIVE;
				GCC_WARN_UNUSED_FUNCTION = YES;
				GCC_WARN_UNUSED_VARIABLE = YES;
				IPHONEOS_DEPLOYMENT_TARGET = 15.2;
				MTL_ENABLE_DEBUG_INFO = INCLUDE_SOURCE;
				MTL_FAST_MATH = YES;
				ONLY_ACTIVE_ARCH = YES;
				SDKROOT = iphoneos;
				SWIFT_ACTIVE_COMPILATION_CONDITIONS = DEBUG;
				SWIFT_OPTIMIZATION_LEVEL = "-Onone";
			};
			name = Debug;
		};
		DD929CB627F99A4B0043E360 /* Release */ = {
			isa = XCBuildConfiguration;
			buildSettings = {
				ALWAYS_SEARCH_USER_PATHS = NO;
				CLANG_ANALYZER_NONNULL = YES;
				CLANG_ANALYZER_NUMBER_OBJECT_CONVERSION = YES_AGGRESSIVE;
				CLANG_CXX_LANGUAGE_STANDARD = "gnu++17";
				CLANG_CXX_LIBRARY = "libc++";
				CLANG_ENABLE_MODULES = YES;
				CLANG_ENABLE_OBJC_ARC = YES;
				CLANG_ENABLE_OBJC_WEAK = YES;
				CLANG_WARN_BLOCK_CAPTURE_AUTORELEASING = YES;
				CLANG_WARN_BOOL_CONVERSION = YES;
				CLANG_WARN_COMMA = YES;
				CLANG_WARN_CONSTANT_CONVERSION = YES;
				CLANG_WARN_DEPRECATED_OBJC_IMPLEMENTATIONS = YES;
				CLANG_WARN_DIRECT_OBJC_ISA_USAGE = YES_ERROR;
				CLANG_WARN_DOCUMENTATION_COMMENTS = YES;
				CLANG_WARN_EMPTY_BODY = YES;
				CLANG_WARN_ENUM_CONVERSION = YES;
				CLANG_WARN_INFINITE_RECURSION = YES;
				CLANG_WARN_INT_CONVERSION = YES;
				CLANG_WARN_NON_LITERAL_NULL_CONVERSION = YES;
				CLANG_WARN_OBJC_IMPLICIT_RETAIN_SELF = YES;
				CLANG_WARN_OBJC_LITERAL_CONVERSION = YES;
				CLANG_WARN_OBJC_ROOT_CLASS = YES_ERROR;
				CLANG_WARN_QUOTED_INCLUDE_IN_FRAMEWORK_HEADER = YES;
				CLANG_WARN_RANGE_LOOP_ANALYSIS = YES;
				CLANG_WARN_STRICT_PROTOTYPES = YES;
				CLANG_WARN_SUSPICIOUS_MOVE = YES;
				CLANG_WARN_UNGUARDED_AVAILABILITY = YES_AGGRESSIVE;
				CLANG_WARN_UNREACHABLE_CODE = YES;
				CLANG_WARN__DUPLICATE_METHOD_MATCH = YES;
				COPY_PHASE_STRIP = NO;
				DEBUG_INFORMATION_FORMAT = "dwarf-with-dsym";
				ENABLE_NS_ASSERTIONS = NO;
				ENABLE_STRICT_OBJC_MSGSEND = YES;
				GCC_C_LANGUAGE_STANDARD = gnu11;
				GCC_NO_COMMON_BLOCKS = YES;
				GCC_WARN_64_TO_32_BIT_CONVERSION = YES;
				GCC_WARN_ABOUT_RETURN_TYPE = YES_ERROR;
				GCC_WARN_UNDECLARED_SELECTOR = YES;
				GCC_WARN_UNINITIALIZED_AUTOS = YES_AGGRESSIVE;
				GCC_WARN_UNUSED_FUNCTION = YES;
				GCC_WARN_UNUSED_VARIABLE = YES;
				IPHONEOS_DEPLOYMENT_TARGET = 15.2;
				MTL_ENABLE_DEBUG_INFO = NO;
				MTL_FAST_MATH = YES;
				SDKROOT = iphoneos;
				SWIFT_COMPILATION_MODE = wholemodule;
				SWIFT_OPTIMIZATION_LEVEL = "-O";
				VALIDATE_PRODUCT = YES;
			};
			name = Release;
		};
		DD929CB827F99A4B0043E360 /* Debug */ = {
			isa = XCBuildConfiguration;
			buildSettings = {
				ASSETCATALOG_COMPILER_APPICON_NAME = AppIcon;
				ASSETCATALOG_COMPILER_GLOBAL_ACCENT_COLOR_NAME = AccentColor;
				CODE_SIGN_STYLE = Automatic;
				CURRENT_PROJECT_VERSION = 1;
				DEVELOPMENT_ASSET_PATHS = "\"EllumeCodingExercise/Preview Content\"";
				DEVELOPMENT_TEAM = P9DE8EBRNY;
				ENABLE_PREVIEWS = YES;
				GENERATE_INFOPLIST_FILE = YES;
				INFOPLIST_FILE = EllumeCodingExercise/Info.plist;
				INFOPLIST_KEY_UIApplicationSceneManifest_Generation = YES;
				INFOPLIST_KEY_UIApplicationSupportsIndirectInputEvents = YES;
				INFOPLIST_KEY_UILaunchScreen_Generation = YES;
				INFOPLIST_KEY_UISupportedInterfaceOrientations_iPad = "UIInterfaceOrientationPortrait UIInterfaceOrientationPortraitUpsideDown UIInterfaceOrientationLandscapeLeft UIInterfaceOrientationLandscapeRight";
				INFOPLIST_KEY_UISupportedInterfaceOrientations_iPhone = "UIInterfaceOrientationPortrait UIInterfaceOrientationLandscapeLeft UIInterfaceOrientationLandscapeRight";
				LD_RUNPATH_SEARCH_PATHS = (
					"$(inherited)",
					"@executable_path/Frameworks",
				);
				MARKETING_VERSION = 1.0;
				PRODUCT_BUNDLE_IDENTIFIER = buckshee.co.nz.EllumeCodingExercise;
				PRODUCT_NAME = "$(TARGET_NAME)";
				SWIFT_EMIT_LOC_STRINGS = YES;
				SWIFT_VERSION = 5.0;
				TARGETED_DEVICE_FAMILY = "1,2";
			};
			name = Debug;
		};
		DD929CB927F99A4B0043E360 /* Release */ = {
			isa = XCBuildConfiguration;
			buildSettings = {
				ASSETCATALOG_COMPILER_APPICON_NAME = AppIcon;
				ASSETCATALOG_COMPILER_GLOBAL_ACCENT_COLOR_NAME = AccentColor;
				CODE_SIGN_STYLE = Automatic;
				CURRENT_PROJECT_VERSION = 1;
				DEVELOPMENT_ASSET_PATHS = "\"EllumeCodingExercise/Preview Content\"";
				DEVELOPMENT_TEAM = P9DE8EBRNY;
				ENABLE_PREVIEWS = YES;
				GENERATE_INFOPLIST_FILE = YES;
				INFOPLIST_FILE = EllumeCodingExercise/Info.plist;
				INFOPLIST_KEY_UIApplicationSceneManifest_Generation = YES;
				INFOPLIST_KEY_UIApplicationSupportsIndirectInputEvents = YES;
				INFOPLIST_KEY_UILaunchScreen_Generation = YES;
				INFOPLIST_KEY_UISupportedInterfaceOrientations_iPad = "UIInterfaceOrientationPortrait UIInterfaceOrientationPortraitUpsideDown UIInterfaceOrientationLandscapeLeft UIInterfaceOrientationLandscapeRight";
				INFOPLIST_KEY_UISupportedInterfaceOrientations_iPhone = "UIInterfaceOrientationPortrait UIInterfaceOrientationLandscapeLeft UIInterfaceOrientationLandscapeRight";
				LD_RUNPATH_SEARCH_PATHS = (
					"$(inherited)",
					"@executable_path/Frameworks",
				);
				MARKETING_VERSION = 1.0;
				PRODUCT_BUNDLE_IDENTIFIER = buckshee.co.nz.EllumeCodingExercise;
				PRODUCT_NAME = "$(TARGET_NAME)";
				SWIFT_EMIT_LOC_STRINGS = YES;
				SWIFT_VERSION = 5.0;
				TARGETED_DEVICE_FAMILY = "1,2";
			};
			name = Release;
		};
		DD929CBB27F99A4B0043E360 /* Debug */ = {
			isa = XCBuildConfiguration;
			buildSettings = {
				ALWAYS_EMBED_SWIFT_STANDARD_LIBRARIES = YES;
				BUNDLE_LOADER = "$(TEST_HOST)";
				CODE_SIGN_STYLE = Automatic;
				CURRENT_PROJECT_VERSION = 1;
				DEVELOPMENT_TEAM = P9DE8EBRNY;
				GENERATE_INFOPLIST_FILE = YES;
				IPHONEOS_DEPLOYMENT_TARGET = 15.2;
				MARKETING_VERSION = 1.0;
				PRODUCT_BUNDLE_IDENTIFIER = buckshee.co.nz.EllumeCodingExerciseTests;
				PRODUCT_NAME = "$(TARGET_NAME)";
				SWIFT_EMIT_LOC_STRINGS = NO;
				SWIFT_VERSION = 5.0;
				TARGETED_DEVICE_FAMILY = "1,2";
				TEST_HOST = "$(BUILT_PRODUCTS_DIR)/EllumeCodingExercise.app/EllumeCodingExercise";
			};
			name = Debug;
		};
		DD929CBC27F99A4B0043E360 /* Release */ = {
			isa = XCBuildConfiguration;
			buildSettings = {
				ALWAYS_EMBED_SWIFT_STANDARD_LIBRARIES = YES;
				BUNDLE_LOADER = "$(TEST_HOST)";
				CODE_SIGN_STYLE = Automatic;
				CURRENT_PROJECT_VERSION = 1;
				DEVELOPMENT_TEAM = P9DE8EBRNY;
				GENERATE_INFOPLIST_FILE = YES;
				IPHONEOS_DEPLOYMENT_TARGET = 15.2;
				MARKETING_VERSION = 1.0;
				PRODUCT_BUNDLE_IDENTIFIER = buckshee.co.nz.EllumeCodingExerciseTests;
				PRODUCT_NAME = "$(TARGET_NAME)";
				SWIFT_EMIT_LOC_STRINGS = NO;
				SWIFT_VERSION = 5.0;
				TARGETED_DEVICE_FAMILY = "1,2";
				TEST_HOST = "$(BUILT_PRODUCTS_DIR)/EllumeCodingExercise.app/EllumeCodingExercise";
			};
			name = Release;
		};
		DD929CBE27F99A4B0043E360 /* Debug */ = {
			isa = XCBuildConfiguration;
			buildSettings = {
				ALWAYS_EMBED_SWIFT_STANDARD_LIBRARIES = YES;
				CODE_SIGN_STYLE = Automatic;
				CURRENT_PROJECT_VERSION = 1;
				DEVELOPMENT_TEAM = P9DE8EBRNY;
				GENERATE_INFOPLIST_FILE = YES;
				MARKETING_VERSION = 1.0;
				PRODUCT_BUNDLE_IDENTIFIER = buckshee.co.nz.EllumeCodingExerciseUITests;
				PRODUCT_NAME = "$(TARGET_NAME)";
				SWIFT_EMIT_LOC_STRINGS = NO;
				SWIFT_VERSION = 5.0;
				TARGETED_DEVICE_FAMILY = "1,2";
				TEST_TARGET_NAME = EllumeCodingExercise;
			};
			name = Debug;
		};
		DD929CBF27F99A4B0043E360 /* Release */ = {
			isa = XCBuildConfiguration;
			buildSettings = {
				ALWAYS_EMBED_SWIFT_STANDARD_LIBRARIES = YES;
				CODE_SIGN_STYLE = Automatic;
				CURRENT_PROJECT_VERSION = 1;
				DEVELOPMENT_TEAM = P9DE8EBRNY;
				GENERATE_INFOPLIST_FILE = YES;
				MARKETING_VERSION = 1.0;
				PRODUCT_BUNDLE_IDENTIFIER = buckshee.co.nz.EllumeCodingExerciseUITests;
				PRODUCT_NAME = "$(TARGET_NAME)";
				SWIFT_EMIT_LOC_STRINGS = NO;
				SWIFT_VERSION = 5.0;
				TARGETED_DEVICE_FAMILY = "1,2";
				TEST_TARGET_NAME = EllumeCodingExercise;
			};
			name = Release;
		};
/* End XCBuildConfiguration section */

/* Begin XCConfigurationList section */
		DD929C8E27F99A490043E360 /* Build configuration list for PBXProject "EllumeCodingExercise" */ = {
			isa = XCConfigurationList;
			buildConfigurations = (
				DD929CB527F99A4B0043E360 /* Debug */,
				DD929CB627F99A4B0043E360 /* Release */,
			);
			defaultConfigurationIsVisible = 0;
			defaultConfigurationName = Release;
		};
		DD929CB727F99A4B0043E360 /* Build configuration list for PBXNativeTarget "EllumeCodingExercise" */ = {
			isa = XCConfigurationList;
			buildConfigurations = (
				DD929CB827F99A4B0043E360 /* Debug */,
				DD929CB927F99A4B0043E360 /* Release */,
			);
			defaultConfigurationIsVisible = 0;
			defaultConfigurationName = Release;
		};
		DD929CBA27F99A4B0043E360 /* Build configuration list for PBXNativeTarget "EllumeCodingExerciseTests" */ = {
			isa = XCConfigurationList;
			buildConfigurations = (
				DD929CBB27F99A4B0043E360 /* Debug */,
				DD929CBC27F99A4B0043E360 /* Release */,
			);
			defaultConfigurationIsVisible = 0;
			defaultConfigurationName = Release;
		};
		DD929CBD27F99A4B0043E360 /* Build configuration list for PBXNativeTarget "EllumeCodingExerciseUITests" */ = {
			isa = XCConfigurationList;
			buildConfigurations = (
				DD929CBE27F99A4B0043E360 /* Debug */,
				DD929CBF27F99A4B0043E360 /* Release */,
			);
			defaultConfigurationIsVisible = 0;
			defaultConfigurationName = Release;
		};
/* End XCConfigurationList section */
	};
	rootObject = DD929C8B27F99A490043E360 /* Project object */;
}
